// !$*UTF8*$!
{
	archiveVersion = 1;
	classes = {
	};
	objectVersion = 46;
	objects = {

/* Begin PBXBuildFile section */
		3F0F35FD1F0504BB00782AAA /* Media in Resources */ = {isa = PBXBuildFile; fileRef = 3F0F35FC1F0504BB00782AAA /* Media */; };
		3F6C3D9A1EF156890069B6CC /* AppDelegate.swift in Sources */ = {isa = PBXBuildFile; fileRef = 3F6C3D991EF156890069B6CC /* AppDelegate.swift */; };
		3F6C3D9C1EF156890069B6CC /* ViewController.swift in Sources */ = {isa = PBXBuildFile; fileRef = 3F6C3D9B1EF156890069B6CC /* ViewController.swift */; };
		3F6C3D9E1EF156890069B6CC /* Assets.xcassets in Resources */ = {isa = PBXBuildFile; fileRef = 3F6C3D9D1EF156890069B6CC /* Assets.xcassets */; };
		3F6C3DA11EF156890069B6CC /* Main.storyboard in Resources */ = {isa = PBXBuildFile; fileRef = 3F6C3D9F1EF156890069B6CC /* Main.storyboard */; };
		3F6C3DB11EF159480069B6CC /* USBDeviceSwift.framework in Frameworks */ = {isa = PBXBuildFile; fileRef = 3F6C3DB01EF159480069B6CC /* USBDeviceSwift.framework */; };
		3FC5575F1EF52DB200374FFC /* RFDevice.swift in Sources */ = {isa = PBXBuildFile; fileRef = 3FC5575E1EF52DB200374FFC /* RFDevice.swift */; };
/* End PBXBuildFile section */

/* Begin PBXFileReference section */
		3F0F35FC1F0504BB00782AAA /* Media */ = {isa = PBXFileReference; lastKnownFileType = folder; path = Media; sourceTree = "<group>"; };
		3F6C3D961EF156890069B6CC /* RaceflightControllerHIDExample.app */ = {isa = PBXFileReference; explicitFileType = wrapper.application; includeInIndex = 0; path = RaceflightControllerHIDExample.app; sourceTree = BUILT_PRODUCTS_DIR; };
		3F6C3D991EF156890069B6CC /* AppDelegate.swift */ = {isa = PBXFileReference; lastKnownFileType = sourcecode.swift; path = AppDelegate.swift; sourceTree = "<group>"; };
		3F6C3D9B1EF156890069B6CC /* ViewController.swift */ = {isa = PBXFileReference; lastKnownFileType = sourcecode.swift; path = ViewController.swift; sourceTree = "<group>"; };
		3F6C3D9D1EF156890069B6CC /* Assets.xcassets */ = {isa = PBXFileReference; lastKnownFileType = folder.assetcatalog; path = Assets.xcassets; sourceTree = "<group>"; };
		3F6C3DA01EF156890069B6CC /* Base */ = {isa = PBXFileReference; lastKnownFileType = file.storyboard; name = Base; path = Base.lproj/Main.storyboard; sourceTree = "<group>"; };
		3F6C3DA21EF156890069B6CC /* Info.plist */ = {isa = PBXFileReference; lastKnownFileType = text.plist.xml; path = Info.plist; sourceTree = "<group>"; };
		3F6C3DB01EF159480069B6CC /* USBDeviceSwift.framework */ = {isa = PBXFileReference; lastKnownFileType = wrapper.framework; name = USBDeviceSwift.framework; path = "../../../Library/Developer/Xcode/DerivedData/USBDeviceSwift-cdeduymzzojyolehaknqwrmbhevl/Build/Products/Debug/USBDeviceSwift.framework"; sourceTree = "<group>"; };
		3FC5575E1EF52DB200374FFC /* RFDevice.swift */ = {isa = PBXFileReference; fileEncoding = 4; lastKnownFileType = sourcecode.swift; path = RFDevice.swift; sourceTree = "<group>"; };
		3FC557601EF539AB00374FFC /* RaceflightControllerHIDExample.entitlements */ = {isa = PBXFileReference; lastKnownFileType = text.plist.entitlements; path = RaceflightControllerHIDExample.entitlements; sourceTree = "<group>"; };
/* End PBXFileReference section */

/* Begin PBXFrameworksBuildPhase section */
		3F6C3D931EF156890069B6CC /* Frameworks */ = {
			isa = PBXFrameworksBuildPhase;
			buildActionMask = 2147483647;
			files = (
				3F6C3DB11EF159480069B6CC /* USBDeviceSwift.framework in Frameworks */,
			);
			runOnlyForDeploymentPostprocessing = 0;
		};
/* End PBXFrameworksBuildPhase section */

/* Begin PBXGroup section */
		3F6C3D8D1EF156890069B6CC = {
			isa = PBXGroup;
			children = (
				3F0F35FC1F0504BB00782AAA /* Media */,
				3F6C3D981EF156890069B6CC /* RaceflightControllerHIDExample */,
				3F6C3D971EF156890069B6CC /* Products */,
				3F6C3DAF1EF159470069B6CC /* Frameworks */,
			);
			sourceTree = "<group>";
		};
		3F6C3D971EF156890069B6CC /* Products */ = {
			isa = PBXGroup;
			children = (
				3F6C3D961EF156890069B6CC /* RaceflightControllerHIDExample.app */,
			);
			name = Products;
			sourceTree = "<group>";
		};
		3F6C3D981EF156890069B6CC /* RaceflightControllerHIDExample */ = {
			isa = PBXGroup;
			children = (
				3FC557601EF539AB00374FFC /* RaceflightControllerHIDExample.entitlements */,
				3F6C3D991EF156890069B6CC /* AppDelegate.swift */,
				3F6C3D9B1EF156890069B6CC /* ViewController.swift */,
				3FC5575E1EF52DB200374FFC /* RFDevice.swift */,
				3F6C3D9D1EF156890069B6CC /* Assets.xcassets */,
				3F6C3D9F1EF156890069B6CC /* Main.storyboard */,
				3F6C3DA21EF156890069B6CC /* Info.plist */,
			);
			path = RaceflightControllerHIDExample;
			sourceTree = "<group>";
		};
		3F6C3DAF1EF159470069B6CC /* Frameworks */ = {
			isa = PBXGroup;
			children = (
				3F6C3DB01EF159480069B6CC /* USBDeviceSwift.framework */,
			);
			name = Frameworks;
			sourceTree = "<group>";
		};
/* End PBXGroup section */

/* Begin PBXNativeTarget section */
		3F6C3D951EF156890069B6CC /* RaceflightControllerHIDExample */ = {
			isa = PBXNativeTarget;
			buildConfigurationList = 3F6C3DA51EF156890069B6CC /* Build configuration list for PBXNativeTarget "RaceflightControllerHIDExample" */;
			buildPhases = (
				3F6C3D921EF156890069B6CC /* Sources */,
				3F6C3D931EF156890069B6CC /* Frameworks */,
				3F6C3D941EF156890069B6CC /* Resources */,
			);
			buildRules = (
			);
			dependencies = (
			);
			name = RaceflightControllerHIDExample;
			productName = RaceflightControllerHIDExample;
			productReference = 3F6C3D961EF156890069B6CC /* RaceflightControllerHIDExample.app */;
			productType = "com.apple.product-type.application";
		};
/* End PBXNativeTarget section */

/* Begin PBXProject section */
		3F6C3D8E1EF156890069B6CC /* Project object */ = {
			isa = PBXProject;
			attributes = {
				LastSwiftUpdateCheck = 0830;
				LastUpgradeCheck = 0900;
				ORGANIZATIONNAME = "Artem Hruzd";
				TargetAttributes = {
					3F6C3D951EF156890069B6CC = {
						CreatedOnToolsVersion = 8.3.3;
						DevelopmentTeam = LGTF372X5G;
						ProvisioningStyle = Automatic;
						SystemCapabilities = {
							com.apple.Sandbox = {
								enabled = 1;
							};
						};
					};
				};
			};
			buildConfigurationList = 3F6C3D911EF156890069B6CC /* Build configuration list for PBXProject "RaceflightControllerHIDExample" */;
			compatibilityVersion = "Xcode 3.2";
			developmentRegion = English;
			hasScannedForEncodings = 0;
			knownRegions = (
				en,
				Base,
			);
			mainGroup = 3F6C3D8D1EF156890069B6CC;
			productRefGroup = 3F6C3D971EF156890069B6CC /* Products */;
			projectDirPath = "";
			projectRoot = "";
			targets = (
				3F6C3D951EF156890069B6CC /* RaceflightControllerHIDExample */,
			);
		};
/* End PBXProject section */

/* Begin PBXResourcesBuildPhase section */
		3F6C3D941EF156890069B6CC /* Resources */ = {
			isa = PBXResourcesBuildPhase;
			buildActionMask = 2147483647;
			files = (
				3F0F35FD1F0504BB00782AAA /* Media in Resources */,
				3F6C3D9E1EF156890069B6CC /* Assets.xcassets in Resources */,
				3F6C3DA11EF156890069B6CC /* Main.storyboard in Resources */,
			);
			runOnlyForDeploymentPostprocessing = 0;
		};
/* End PBXResourcesBuildPhase section */

/* Begin PBXSourcesBuildPhase section */
		3F6C3D921EF156890069B6CC /* Sources */ = {
			isa = PBXSourcesBuildPhase;
			buildActionMask = 2147483647;
			files = (
				3FC5575F1EF52DB200374FFC /* RFDevice.swift in Sources */,
				3F6C3D9C1EF156890069B6CC /* ViewController.swift in Sources */,
				3F6C3D9A1EF156890069B6CC /* AppDelegate.swift in Sources */,
			);
			runOnlyForDeploymentPostprocessing = 0;
		};
/* End PBXSourcesBuildPhase section */

/* Begin PBXVariantGroup section */
		3F6C3D9F1EF156890069B6CC /* Main.storyboard */ = {
			isa = PBXVariantGroup;
			children = (
				3F6C3DA01EF156890069B6CC /* Base */,
			);
			name = Main.storyboard;
			sourceTree = "<group>";
		};
/* End PBXVariantGroup section */

/* Begin XCBuildConfiguration section */
		3F6C3DA31EF156890069B6CC /* Debug */ = {
			isa = XCBuildConfiguration;
			buildSettings = {
				ALWAYS_SEARCH_USER_PATHS = NO;
				CLANG_ANALYZER_NONNULL = YES;
				CLANG_ANALYZER_NUMBER_OBJECT_CONVERSION = YES_AGGRESSIVE;
				CLANG_CXX_LANGUAGE_STANDARD = "gnu++0x";
				CLANG_CXX_LIBRARY = "libc++";
				CLANG_ENABLE_MODULES = YES;
				CLANG_ENABLE_OBJC_ARC = YES;
				CLANG_WARN_BLOCK_CAPTURE_AUTORELEASING = YES;
				CLANG_WARN_BOOL_CONVERSION = YES;
				CLANG_WARN_COMMA = YES;
				CLANG_WARN_CONSTANT_CONVERSION = YES;
				CLANG_WARN_DIRECT_OBJC_ISA_USAGE = YES_ERROR;
				CLANG_WARN_DOCUMENTATION_COMMENTS = YES;
				CLANG_WARN_EMPTY_BODY = YES;
				CLANG_WARN_ENUM_CONVERSION = YES;
				CLANG_WARN_INFINITE_RECURSION = YES;
				CLANG_WARN_INT_CONVERSION = YES;
				CLANG_WARN_NON_LITERAL_NULL_CONVERSION = YES;
				CLANG_WARN_OBJC_LITERAL_CONVERSION = YES;
				CLANG_WARN_OBJC_ROOT_CLASS = YES_ERROR;
				CLANG_WARN_RANGE_LOOP_ANALYSIS = YES;
				CLANG_WARN_STRICT_PROTOTYPES = YES;
				CLANG_WARN_SUSPICIOUS_MOVE = YES;
				CLANG_WARN_UNREACHABLE_CODE = YES;
				CLANG_WARN__DUPLICATE_METHOD_MATCH = YES;
				CODE_SIGN_IDENTITY = "-";
				COPY_PHASE_STRIP = NO;
				DEBUG_INFORMATION_FORMAT = dwarf;
				ENABLE_STRICT_OBJC_MSGSEND = YES;
				ENABLE_TESTABILITY = YES;
				GCC_C_LANGUAGE_STANDARD = gnu99;
				GCC_DYNAMIC_NO_PIC = NO;
				GCC_NO_COMMON_BLOCKS = YES;
				GCC_OPTIMIZATION_LEVEL = 0;
				GCC_PREPROCESSOR_DEFINITIONS = (
					"DEBUG=1",
					"$(inherited)",
				);
				GCC_WARN_64_TO_32_BIT_CONVERSION = YES;
				GCC_WARN_ABOUT_RETURN_TYPE = YES_ERROR;
				GCC_WARN_UNDECLARED_SELECTOR = YES;
				GCC_WARN_UNINITIALIZED_AUTOS = YES_AGGRESSIVE;
				GCC_WARN_UNUSED_FUNCTION = YES;
				GCC_WARN_UNUSED_VARIABLE = YES;
				MACOSX_DEPLOYMENT_TARGET = 10.12;
				MTL_ENABLE_DEBUG_INFO = YES;
				ONLY_ACTIVE_ARCH = YES;
				SDKROOT = macosx;
				SWIFT_ACTIVE_COMPILATION_CONDITIONS = DEBUG;
				SWIFT_OPTIMIZATION_LEVEL = "-Onone";
			};
			name = Debug;
		};
		3F6C3DA41EF156890069B6CC /* Release */ = {
			isa = XCBuildConfiguration;
			buildSettings = {
				ALWAYS_SEARCH_USER_PATHS = NO;
				CLANG_ANALYZER_NONNULL = YES;
				CLANG_ANALYZER_NUMBER_OBJECT_CONVERSION = YES_AGGRESSIVE;
				CLANG_CXX_LANGUAGE_STANDARD = "gnu++0x";
				CLANG_CXX_LIBRARY = "libc++";
				CLANG_ENABLE_MODULES = YES;
				CLANG_ENABLE_OBJC_ARC = YES;
				CLANG_WARN_BLOCK_CAPTURE_AUTORELEASING = YES;
				CLANG_WARN_BOOL_CONVERSION = YES;
				CLANG_WARN_COMMA = YES;
				CLANG_WARN_CONSTANT_CONVERSION = YES;
				CLANG_WARN_DIRECT_OBJC_ISA_USAGE = YES_ERROR;
				CLANG_WARN_DOCUMENTATION_COMMENTS = YES;
				CLANG_WARN_EMPTY_BODY = YES;
				CLANG_WARN_ENUM_CONVERSION = YES;
				CLANG_WARN_INFINITE_RECURSION = YES;
				CLANG_WARN_INT_CONVERSION = YES;
				CLANG_WARN_NON_LITERAL_NULL_CONVERSION = YES;
				CLANG_WARN_OBJC_LITERAL_CONVERSION = YES;
				CLANG_WARN_OBJC_ROOT_CLASS = YES_ERROR;
				CLANG_WARN_RANGE_LOOP_ANALYSIS = YES;
				CLANG_WARN_STRICT_PROTOTYPES = YES;
				CLANG_WARN_SUSPICIOUS_MOVE = YES;
				CLANG_WARN_UNREACHABLE_CODE = YES;
				CLANG_WARN__DUPLICATE_METHOD_MATCH = YES;
				CODE_SIGN_IDENTITY = "-";
				COPY_PHASE_STRIP = NO;
				DEBUG_INFORMATION_FORMAT = "dwarf-with-dsym";
				ENABLE_NS_ASSERTIONS = NO;
				ENABLE_STRICT_OBJC_MSGSEND = YES;
				GCC_C_LANGUAGE_STANDARD = gnu99;
				GCC_NO_COMMON_BLOCKS = YES;
				GCC_WARN_64_TO_32_BIT_CONVERSION = YES;
				GCC_WARN_ABOUT_RETURN_TYPE = YES_ERROR;
				GCC_WARN_UNDECLARED_SELECTOR = YES;
				GCC_WARN_UNINITIALIZED_AUTOS = YES_AGGRESSIVE;
				GCC_WARN_UNUSED_FUNCTION = YES;
				GCC_WARN_UNUSED_VARIABLE = YES;
				MACOSX_DEPLOYMENT_TARGET = 10.12;
				MTL_ENABLE_DEBUG_INFO = NO;
				SDKROOT = macosx;
				SWIFT_OPTIMIZATION_LEVEL = "-Owholemodule";
			};
			name = Release;
		};
		3F6C3DA61EF156890069B6CC /* Debug */ = {
			isa = XCBuildConfiguration;
			buildSettings = {
				ASSETCATALOG_COMPILER_APPICON_NAME = AppIcon;
				CODE_SIGN_ENTITLEMENTS = RaceflightControllerHIDExample/RaceflightControllerHIDExample.entitlements;
				COMBINE_HIDPI_IMAGES = YES;
				DEVELOPMENT_TEAM = LGTF372X5G;
				INFOPLIST_FILE = RaceflightControllerHIDExample/Info.plist;
				LD_RUNPATH_SEARCH_PATHS = "$(inherited) @executable_path/../Frameworks";
				PRODUCT_BUNDLE_IDENTIFIER = ah.com.RaceflightControllerHIDExample;
				PRODUCT_NAME = "$(TARGET_NAME)";
				SWIFT_VERSION = 3.0;
			};
			name = Debug;
		};
		3F6C3DA71EF156890069B6CC /* Release */ = {
			isa = XCBuildConfiguration;
			buildSettings = {
				ASSETCATALOG_COMPILER_APPICON_NAME = AppIcon;
				CODE_SIGN_ENTITLEMENTS = RaceflightControllerHIDExample/RaceflightControllerHIDExample.entitlements;
				COMBINE_HIDPI_IMAGES = YES;
				DEVELOPMENT_TEAM = LGTF372X5G;
				INFOPLIST_FILE = RaceflightControllerHIDExample/Info.plist;
				LD_RUNPATH_SEARCH_PATHS = "$(inherited) @executable_path/../Frameworks";
				PRODUCT_BUNDLE_IDENTIFIER = ah.com.RaceflightControllerHIDExample;
				PRODUCT_NAME = "$(TARGET_NAME)";
				SWIFT_VERSION = 3.0;
			};
			name = Release;
		};
/* End XCBuildConfiguration section */

/* Begin XCConfigurationList section */
		3F6C3D911EF156890069B6CC /* Build configuration list for PBXProject "RaceflightControllerHIDExample" */ = {
			isa = XCConfigurationList;
			buildConfigurations = (
				3F6C3DA31EF156890069B6CC /* Debug */,
				3F6C3DA41EF156890069B6CC /* Release */,
			);
			defaultConfigurationIsVisible = 0;
			defaultConfigurationName = Release;
		};
		3F6C3DA51EF156890069B6CC /* Build configuration list for PBXNativeTarget "RaceflightControllerHIDExample" */ = {
			isa = XCConfigurationList;
			buildConfigurations = (
				3F6C3DA61EF156890069B6CC /* Debug */,
				3F6C3DA71EF156890069B6CC /* Release */,
			);
			defaultConfigurationIsVisible = 0;
			defaultConfigurationName = Release;
		};
/* End XCConfigurationList section */
	};
	rootObject = 3F6C3D8E1EF156890069B6CC /* Project object */;
}
